
Microsoft Visual Studio Solution File, Format Version 12.00
Project("{FAE04EC0-301F-11D3-BF4B-00C04F79EFBC}") = "ServiceBase.Api", "ServiceBase.Api\ServiceBase.Api.csproj", "{A15C23AC-8512-4A74-9557-CB639DFBAD9B}"
EndProject
Project("{FAE04EC0-301F-11D3-BF4B-00C04F79EFBC}") = "ServiceBase.Core", "ServiceBase.Core\ServiceBase.Core.csproj", "{3B4DFA44-8675-4373-BE28-F019D064DA9D}"
EndProject
Project("{FAE04EC0-301F-11D3-BF4B-00C04F79EFBC}") = "CleanDdd.Common", "CleanDdd.Common\CleanDdd.Common.csproj", "{FF82339E-A768-48FC-9D88-DE039B69DE17}"
EndProject
Project("{FAE04EC0-301F-11D3-BF4B-00C04F79EFBC}") = "ServiceBase.Infrastructure", "ServiceBase.Infrastructure\ServiceBase.Infrastructure.csproj", "{42A93746-6252-4513-B912-00C8316CA883}"
EndProject
Project("{2150E333-8FDC-42A3-9474-1A3956D46DE8}") = "Tests", "Tests", "{0808D4A9-CEC6-4D65-9D1F-381FA291F7DC}"
EndProject
Project("{FAE04EC0-301F-11D3-BF4B-00C04F79EFBC}") = "ServiceBase.Core.Test", "Tests\ServiceBase.Core.Test\ServiceBase.Core.Test.csproj", "{1718B9D1-B8FB-4EA4-85F6-902941ABDC8E}"
EndProject
Project("{FAE04EC0-301F-11D3-BF4B-00C04F79EFBC}") = "ServiceBase.Db", "ServiceBase.Db\ServiceBase.Db.csproj", "{617CB71E-6A8A-447F-8EAA-ECFCB4502B75}"
EndProject
Project("{FAE04EC0-301F-11D3-BF4B-00C04F79EFBC}") = "ServiceBase.Integration.Test", "Tests\ServiceBase.Integration.Test\ServiceBase.Integration.Test.csproj", "{9A4B95B7-491C-40EF-8E51-65CC6799780C}"
EndProject
Global
	GlobalSection(SolutionConfigurationPlatforms) = preSolution
		Debug|Any CPU = Debug|Any CPU
		Release|Any CPU = Release|Any CPU
	EndGlobalSection
	GlobalSection(ProjectConfigurationPlatforms) = postSolution
		{A15C23AC-8512-4A74-9557-CB639DFBAD9B}.Debug|Any CPU.ActiveCfg = Debug|Any CPU
		{A15C23AC-8512-4A74-9557-CB639DFBAD9B}.Debug|Any CPU.Build.0 = Debug|Any CPU
		{A15C23AC-8512-4A74-9557-CB639DFBAD9B}.Release|Any CPU.ActiveCfg = Release|Any CPU
		{A15C23AC-8512-4A74-9557-CB639DFBAD9B}.Release|Any CPU.Build.0 = Release|Any CPU
		{A15C23AC-8512-4A74-9557-CB639DFBAD9B}.Debug|Any CPU.Deploy.0 = Debug|Any CPU
		{3B4DFA44-8675-4373-BE28-F019D064DA9D}.Debug|Any CPU.ActiveCfg = Debug|Any CPU
		{3B4DFA44-8675-4373-BE28-F019D064DA9D}.Debug|Any CPU.Build.0 = Debug|Any CPU
		{3B4DFA44-8675-4373-BE28-F019D064DA9D}.Release|Any CPU.ActiveCfg = Release|Any CPU
		{3B4DFA44-8675-4373-BE28-F019D064DA9D}.Release|Any CPU.Build.0 = Release|Any CPU
		{FF82339E-A768-48FC-9D88-DE039B69DE17}.Debug|Any CPU.ActiveCfg = Debug|Any CPU
		{FF82339E-A768-48FC-9D88-DE039B69DE17}.Debug|Any CPU.Build.0 = Debug|Any CPU
		{FF82339E-A768-48FC-9D88-DE039B69DE17}.Release|Any CPU.ActiveCfg = Release|Any CPU
		{FF82339E-A768-48FC-9D88-DE039B69DE17}.Release|Any CPU.Build.0 = Release|Any CPU
		{42A93746-6252-4513-B912-00C8316CA883}.Debug|Any CPU.ActiveCfg = Debug|Any CPU
		{42A93746-6252-4513-B912-00C8316CA883}.Debug|Any CPU.Build.0 = Debug|Any CPU
		{42A93746-6252-4513-B912-00C8316CA883}.Release|Any CPU.ActiveCfg = Release|Any CPU
		{42A93746-6252-4513-B912-00C8316CA883}.Release|Any CPU.Build.0 = Release|Any CPU
		{1718B9D1-B8FB-4EA4-85F6-902941ABDC8E}.Debug|Any CPU.ActiveCfg = Debug|Any CPU
		{1718B9D1-B8FB-4EA4-85F6-902941ABDC8E}.Debug|Any CPU.Build.0 = Debug|Any CPU
		{1718B9D1-B8FB-4EA4-85F6-902941ABDC8E}.Release|Any CPU.ActiveCfg = Release|Any CPU
		{1718B9D1-B8FB-4EA4-85F6-902941ABDC8E}.Release|Any CPU.Build.0 = Release|Any CPU
		{617CB71E-6A8A-447F-8EAA-ECFCB4502B75}.Debug|Any CPU.ActiveCfg = Debug|Any CPU
		{617CB71E-6A8A-447F-8EAA-ECFCB4502B75}.Debug|Any CPU.Build.0 = Debug|Any CPU
		{617CB71E-6A8A-447F-8EAA-ECFCB4502B75}.Release|Any CPU.ActiveCfg = Release|Any CPU
		{617CB71E-6A8A-447F-8EAA-ECFCB4502B75}.Release|Any CPU.Build.0 = Release|Any CPU
		{9A4B95B7-491C-40EF-8E51-65CC6799780C}.Debug|Any CPU.ActiveCfg = Debug|Any CPU
		{9A4B95B7-491C-40EF-8E51-65CC6799780C}.Debug|Any CPU.Build.0 = Debug|Any CPU
		{9A4B95B7-491C-40EF-8E51-65CC6799780C}.Release|Any CPU.ActiveCfg = Release|Any CPU
		{9A4B95B7-491C-40EF-8E51-65CC6799780C}.Release|Any CPU.Build.0 = Release|Any CPU
	EndGlobalSection
	GlobalSection(NestedProjects) = preSolution
		{1718B9D1-B8FB-4EA4-85F6-902941ABDC8E} = {0808D4A9-CEC6-4D65-9D1F-381FA291F7DC}
		{9A4B95B7-491C-40EF-8E51-65CC6799780C} = {0808D4A9-CEC6-4D65-9D1F-381FA291F7DC}
	EndGlobalSection
EndGlobal
